# THIS IS AN AUTOGENERATED FILE. DO NOT EDIT THIS FILE DIRECTLY.
# yarn lockfile v1


"@intlify/core-base@11.1.2":
  version "11.1.2"
  resolved "https://registry.yarnpkg.com/@intlify/core-base/-/core-base-11.1.2.tgz#f924d60a94b6ab5222848ff0af678c461a1b6a7d"
  integrity sha512-nmG512G8QOABsserleechwHGZxzKSAlggGf9hQX0nltvSwyKNVuB/4o6iFeG2OnjXK253r8p8eSDOZf8PgFdWw==
  dependencies:
    "@intlify/message-compiler" "11.1.2"
    "@intlify/shared" "11.1.2"

"@intlify/message-compiler@11.1.2":
  version "11.1.2"
  resolved "https://registry.yarnpkg.com/@intlify/message-compiler/-/message-compiler-11.1.2.tgz#711af9421fa8c0339501eb67fa90ebe00cbd3725"
  integrity sha512-T/xbNDzi+Yv0Qn2Dfz2CWCAJiwNgU5d95EhhAEf4YmOgjCKktpfpiUSmLcBvK1CtLpPQ85AMMQk/2NCcXnNj1g==
  dependencies:
    "@intlify/shared" "11.1.2"
    source-map-js "^1.0.2"

"@intlify/shared@11.1.2":
  version "11.1.2"
  resolved "https://registry.yarnpkg.com/@intlify/shared/-/shared-11.1.2.tgz#d780bc8eb4e3c3ef8a3e45c421f0f5ecf59651f2"
  integrity sha512-dF2iMMy8P9uKVHV/20LA1ulFLL+MKSbfMiixSmn6fpwqzvix38OIc7ebgnFbBqElvghZCW9ACtzKTGKsTGTWGA==

"@vue/devtools-api@^6.5.0":
  version "6.6.4"
  resolved "https://registry.yarnpkg.com/@vue/devtools-api/-/devtools-api-6.6.4.tgz#cbe97fe0162b365edc1dba80e173f90492535343"
  integrity sha512-sGhTPMuXqZ1rVOk32RylztWkfXTRhuS7vgAKv0zjqk8gbsHkJ7xfFf+jbySxt7tWObEJwyKaHMikV/WGDiQm8g==

source-map-js@^1.0.2:
  version "1.2.1"
  resolved "https://registry.yarnpkg.com/source-map-js/-/source-map-js-1.2.1.tgz#1ce5650fddd87abc099eda37dcff024c2667ae46"
  integrity sha512-UXWMKhLOwVKb728IUtQPXxfYU+usdybtUrK/8uGE8CQMvrhOpwvzDBwj0QhSL7MQc7vIsISBG8VQ8+IDQxpfQA==

typescript@^5.8.2:
  version "5.8.2"
  resolved "https://registry.yarnpkg.com/typescript/-/typescript-5.8.2.tgz#8170b3702f74b79db2e5a96207c15e65807999e4"
  integrity sha512-aJn6wq13/afZp/jT9QZmwEjDqqvSGp1VT5GVg+f/t6/oVyrgXM6BY1h9BRh/O5p3PlUPAe+WuiEZOmb/49RqoQ==

vue-i18n@^11.1.2:
  version "11.1.2"
  resolved "https://registry.yarnpkg.com/vue-i18n/-/vue-i18n-11.1.2.tgz#187ded4132027a58045cb7ab7e65756575045bca"
  integrity sha512-MfdkdKGUHN+jkkaMT5Zbl4FpRmN7kfelJIwKoUpJ32ONIxdFhzxZiLTVaAXkAwvH3y9GmWpoiwjDqbPIkPIMFA==
  dependencies:
    "@intlify/core-base" "11.1.2"
    "@intlify/shared" "11.1.2"
    "@vue/devtools-api" "^6.5.0"
